
Microsoft Visual Studio Solution File, Format Version 11.00
# Visual Studio 2010
Project("{FAE04EC0-301F-11D3-BF4B-00C04F79EFBC}") = "uTasks.DomainModel", "uTasks.DomainModel\uTasks.DomainModel.csproj", "{FFCC4222-2DEA-4647-84EA-3BD6AA769E94}"
EndProject
Project("{FAE04EC0-301F-11D3-BF4B-00C04F79EFBC}") = "uTasks.DomainModel.Test", "uTasks.DomainModel.Test\uTasks.DomainModel.Test.csproj", "{F30D7FA2-10E3-4528-ABEA-2B76CBDBEB8C}"
EndProject
Project("{FAE04EC0-301F-11D3-BF4B-00C04F79EFBC}") = "uTasks.Web", "uTasks.Web\uTasks.Web.csproj", "{7300BE7D-2DE3-4AA8-BAE9-DE6FDDDDC618}"
EndProject
Project("{FAE04EC0-301F-11D3-BF4B-00C04F79EFBC}") = "uTasks.Web.Tests", "uTasks.Web.Tests\uTasks.Web.Tests.csproj", "{90368915-16ED-4615-80D8-DE56754D5DF6}"
EndProject
Global
	GlobalSection(SolutionConfigurationPlatforms) = preSolution
		Debug|Any CPU = Debug|Any CPU
		Release|Any CPU = Release|Any CPU
	EndGlobalSection
	GlobalSection(ProjectConfigurationPlatforms) = postSolution
		{FFCC4222-2DEA-4647-84EA-3BD6AA769E94}.Debug|Any CPU.ActiveCfg = Debug|Any CPU
		{FFCC4222-2DEA-4647-84EA-3BD6AA769E94}.Debug|Any CPU.Build.0 = Debug|Any CPU
		{FFCC4222-2DEA-4647-84EA-3BD6AA769E94}.Release|Any CPU.ActiveCfg = Release|Any CPU
		{FFCC4222-2DEA-4647-84EA-3BD6AA769E94}.Release|Any CPU.Build.0 = Release|Any CPU
		{F30D7FA2-10E3-4528-ABEA-2B76CBDBEB8C}.Debug|Any CPU.ActiveCfg = Debug|Any CPU
		{F30D7FA2-10E3-4528-ABEA-2B76CBDBEB8C}.Debug|Any CPU.Build.0 = Debug|Any CPU
		{F30D7FA2-10E3-4528-ABEA-2B76CBDBEB8C}.Release|Any CPU.ActiveCfg = Release|Any CPU
		{F30D7FA2-10E3-4528-ABEA-2B76CBDBEB8C}.Release|Any CPU.Build.0 = Release|Any CPU
		{7300BE7D-2DE3-4AA8-BAE9-DE6FDDDDC618}.Debug|Any CPU.ActiveCfg = Debug|Any CPU
		{7300BE7D-2DE3-4AA8-BAE9-DE6FDDDDC618}.Debug|Any CPU.Build.0 = Debug|Any CPU
		{7300BE7D-2DE3-4AA8-BAE9-DE6FDDDDC618}.Release|Any CPU.ActiveCfg = Release|Any CPU
		{7300BE7D-2DE3-4AA8-BAE9-DE6FDDDDC618}.Release|Any CPU.Build.0 = Release|Any CPU
		{90368915-16ED-4615-80D8-DE56754D5DF6}.Debug|Any CPU.ActiveCfg = Debug|Any CPU
		{90368915-16ED-4615-80D8-DE56754D5DF6}.Debug|Any CPU.Build.0 = Debug|Any CPU
		{90368915-16ED-4615-80D8-DE56754D5DF6}.Release|Any CPU.ActiveCfg = Release|Any CPU
		{90368915-16ED-4615-80D8-DE56754D5DF6}.Release|Any CPU.Build.0 = Release|Any CPU
	EndGlobalSection
	GlobalSection(SolutionProperties) = preSolution
		HideSolutionNode = FALSE
	EndGlobalSection
EndGlobal
